
Microsoft Visual Studio Solution File, Format Version 12.00
# Visual Studio Version 16
VisualStudioVersion = 16.0.30413.136
MinimumVisualStudioVersion = 10.0.40219.1
Project("{FAE04EC0-301F-11D3-BF4B-00C04F79EFBC}") = "NetChat.Desktop", "src\NetChat.Desktop\NetChat.Desktop.csproj", "{C1951209-6884-43BD-9780-A588A65DDBAC}"
EndProject
Project("{FAE04EC0-301F-11D3-BF4B-00C04F79EFBC}") = "NetChat.Services", "src\NetChat.Services\NetChat.Services.csproj", "{E3685600-4AD4-4A16-93EB-4999564F0D47}"
EndProject
Project("{FAE04EC0-301F-11D3-BF4B-00C04F79EFBC}") = "NetChat.FileMessaging", "src\NetChat.FileMessaging\NetChat.FileMessaging.csproj", "{B5B3D2F7-DE29-467B-BCA0-E5BE74D962AE}"
EndProject
Project("{FAE04EC0-301F-11D3-BF4B-00C04F79EFBC}") = "NetChat.FileMessaging.Tests", "tests\NetChat.FileMessaging.Tests\NetChat.FileMessaging.Tests.csproj", "{B9E9951E-6617-4F72-A296-D5DFEED99C48}"
EndProject
Project("{FAE04EC0-301F-11D3-BF4B-00C04F79EFBC}") = "NetChat.Test", "tests\NetChat.Test\NetChat.Test.csproj", "{3F1075AC-A627-4946-AC4B-B3E70619E4C1}"
EndProject
Project("{FAE04EC0-301F-11D3-BF4B-00C04F79EFBC}") = "NetChat.Services.FileMessaging", "src\NetChat.Services.FileMessaging\NetChat.Services.FileMessaging.csproj", "{4499F632-E5E2-4B33-98A2-265DA28BDAA0}"
EndProject
Project("{FAE04EC0-301F-11D3-BF4B-00C04F79EFBC}") = "NetChat.Services.Tests", "tests\NetChat.Services.Tests\NetChat.Services.Tests.csproj", "{9B330F53-F02A-4601-A71A-59550725BF7F}"
EndProject
Global
	GlobalSection(SolutionConfigurationPlatforms) = preSolution
		Debug|Any CPU = Debug|Any CPU
		Release|Any CPU = Release|Any CPU
	EndGlobalSection
	GlobalSection(ProjectConfigurationPlatforms) = postSolution
		{C1951209-6884-43BD-9780-A588A65DDBAC}.Debug|Any CPU.ActiveCfg = Debug|Any CPU
		{C1951209-6884-43BD-9780-A588A65DDBAC}.Debug|Any CPU.Build.0 = Debug|Any CPU
		{C1951209-6884-43BD-9780-A588A65DDBAC}.Release|Any CPU.ActiveCfg = Release|Any CPU
		{C1951209-6884-43BD-9780-A588A65DDBAC}.Release|Any CPU.Build.0 = Release|Any CPU
		{E3685600-4AD4-4A16-93EB-4999564F0D47}.Debug|Any CPU.ActiveCfg = Debug|Any CPU
		{E3685600-4AD4-4A16-93EB-4999564F0D47}.Debug|Any CPU.Build.0 = Debug|Any CPU
		{E3685600-4AD4-4A16-93EB-4999564F0D47}.Release|Any CPU.ActiveCfg = Release|Any CPU
		{E3685600-4AD4-4A16-93EB-4999564F0D47}.Release|Any CPU.Build.0 = Release|Any CPU
		{B5B3D2F7-DE29-467B-BCA0-E5BE74D962AE}.Debug|Any CPU.ActiveCfg = Debug|Any CPU
		{B5B3D2F7-DE29-467B-BCA0-E5BE74D962AE}.Debug|Any CPU.Build.0 = Debug|Any CPU
		{B5B3D2F7-DE29-467B-BCA0-E5BE74D962AE}.Release|Any CPU.ActiveCfg = Release|Any CPU
		{B5B3D2F7-DE29-467B-BCA0-E5BE74D962AE}.Release|Any CPU.Build.0 = Release|Any CPU
		{B9E9951E-6617-4F72-A296-D5DFEED99C48}.Debug|Any CPU.ActiveCfg = Debug|Any CPU
		{B9E9951E-6617-4F72-A296-D5DFEED99C48}.Debug|Any CPU.Build.0 = Debug|Any CPU
		{B9E9951E-6617-4F72-A296-D5DFEED99C48}.Release|Any CPU.ActiveCfg = Release|Any CPU
		{B9E9951E-6617-4F72-A296-D5DFEED99C48}.Release|Any CPU.Build.0 = Release|Any CPU
		{3F1075AC-A627-4946-AC4B-B3E70619E4C1}.Debug|Any CPU.ActiveCfg = Debug|Any CPU
		{3F1075AC-A627-4946-AC4B-B3E70619E4C1}.Debug|Any CPU.Build.0 = Debug|Any CPU
		{3F1075AC-A627-4946-AC4B-B3E70619E4C1}.Release|Any CPU.ActiveCfg = Release|Any CPU
		{3F1075AC-A627-4946-AC4B-B3E70619E4C1}.Release|Any CPU.Build.0 = Release|Any CPU
		{4499F632-E5E2-4B33-98A2-265DA28BDAA0}.Debug|Any CPU.ActiveCfg = Debug|Any CPU
		{4499F632-E5E2-4B33-98A2-265DA28BDAA0}.Debug|Any CPU.Build.0 = Debug|Any CPU
		{4499F632-E5E2-4B33-98A2-265DA28BDAA0}.Release|Any CPU.ActiveCfg = Release|Any CPU
		{4499F632-E5E2-4B33-98A2-265DA28BDAA0}.Release|Any CPU.Build.0 = Release|Any CPU
		{9B330F53-F02A-4601-A71A-59550725BF7F}.Debug|Any CPU.ActiveCfg = Debug|Any CPU
		{9B330F53-F02A-4601-A71A-59550725BF7F}.Debug|Any CPU.Build.0 = Debug|Any CPU
		{9B330F53-F02A-4601-A71A-59550725BF7F}.Release|Any CPU.ActiveCfg = Release|Any CPU
		{9B330F53-F02A-4601-A71A-59550725BF7F}.Release|Any CPU.Build.0 = Release|Any CPU
	EndGlobalSection
	GlobalSection(SolutionProperties) = preSolution
		HideSolutionNode = FALSE
	EndGlobalSection
	GlobalSection(ExtensibilityGlobals) = postSolution
		SolutionGuid = {6B24A2C6-1CF1-4F2E-84B3-340F2F792686}
	EndGlobalSection
EndGlobal
